
Microsoft Visual Studio Solution File, Format Version 12.00
# Visual Studio Version 16
VisualStudioVersion = 16.0.29613.14
MinimumVisualStudioVersion = 10.0.40219.1
Project("{2150E333-8FDC-42A3-9474-1A3956D46DE8}") = "Docs", "Docs", "{BF60A634-F3ED-4514-BA5F-96CF4ABE6502}"
EndProject
Project("{2150E333-8FDC-42A3-9474-1A3956D46DE8}") = "Src", "Src", "{D8642C69-13EA-4D4D-979C-9DB34AC611A6}"
EndProject
Project("{2150E333-8FDC-42A3-9474-1A3956D46DE8}") = "Tests", "Tests", "{0184A442-AED6-4FBD-A2C2-DE50870E73F1}"
EndProject
Project("{9A19103F-16F7-4668-BE54-9A1E7A4F7556}") = "Discussor.Core.Application", "Src\Application\Discussor.Core.Application.csproj", "{CD8EBE02-0E79-445D-8FF3-DB1E62FADA7E}"
EndProject
Project("{9A19103F-16F7-4668-BE54-9A1E7A4F7556}") = "Discussor.Core.Domain", "Src\Domain\Discussor.Core.Domain.csproj", "{113A221E-9E26-47B7-A830-E0CAE3B3ACBD}"
EndProject
Project("{9A19103F-16F7-4668-BE54-9A1E7A4F7556}") = "Discussor.Infrastructure", "Src\Infrastructure\Discussor.Infrastructure.csproj", "{B68EA642-6EF2-4800-8996-F656C6FB193E}"
EndProject
Project("{9A19103F-16F7-4668-BE54-9A1E7A4F7556}") = "Discussor.WebUI", "Src\WebUI\Discussor.WebUI.csproj", "{8C54BE43-18A6-4B09-BE6B-DF8AAEB93D9F}"
EndProject
Project("{9A19103F-16F7-4668-BE54-9A1E7A4F7556}") = "UnitTests", "Tests\UnitTests\UnitTests.csproj", "{BEC8D27B-1D3E-48B8-B179-165EC80ED7EA}"
EndProject
Project("{2150E333-8FDC-42A3-9474-1A3956D46DE8}") = "Core", "Core", "{71ADFE93-97CF-48EE-A808-26ACB19F13E9}"
EndProject
Project("{2150E333-8FDC-42A3-9474-1A3956D46DE8}") = "Infrastructure", "Infrastructure", "{290BB29B-67E9-4755-950D-274A578EFF4F}"
EndProject
Project("{2150E333-8FDC-42A3-9474-1A3956D46DE8}") = "UI", "UI", "{D9248E1C-6342-494B-BC54-5B0AA37AAE53}"
EndProject
Global
	GlobalSection(SolutionConfigurationPlatforms) = preSolution
		Debug|Any CPU = Debug|Any CPU
		Release|Any CPU = Release|Any CPU
	EndGlobalSection
	GlobalSection(ProjectConfigurationPlatforms) = postSolution
		{CD8EBE02-0E79-445D-8FF3-DB1E62FADA7E}.Debug|Any CPU.ActiveCfg = Debug|Any CPU
		{CD8EBE02-0E79-445D-8FF3-DB1E62FADA7E}.Debug|Any CPU.Build.0 = Debug|Any CPU
		{CD8EBE02-0E79-445D-8FF3-DB1E62FADA7E}.Release|Any CPU.ActiveCfg = Release|Any CPU
		{CD8EBE02-0E79-445D-8FF3-DB1E62FADA7E}.Release|Any CPU.Build.0 = Release|Any CPU
		{113A221E-9E26-47B7-A830-E0CAE3B3ACBD}.Debug|Any CPU.ActiveCfg = Debug|Any CPU
		{113A221E-9E26-47B7-A830-E0CAE3B3ACBD}.Debug|Any CPU.Build.0 = Debug|Any CPU
		{113A221E-9E26-47B7-A830-E0CAE3B3ACBD}.Release|Any CPU.ActiveCfg = Release|Any CPU
		{113A221E-9E26-47B7-A830-E0CAE3B3ACBD}.Release|Any CPU.Build.0 = Release|Any CPU
		{B68EA642-6EF2-4800-8996-F656C6FB193E}.Debug|Any CPU.ActiveCfg = Debug|Any CPU
		{B68EA642-6EF2-4800-8996-F656C6FB193E}.Debug|Any CPU.Build.0 = Debug|Any CPU
		{B68EA642-6EF2-4800-8996-F656C6FB193E}.Release|Any CPU.ActiveCfg = Release|Any CPU
		{B68EA642-6EF2-4800-8996-F656C6FB193E}.Release|Any CPU.Build.0 = Release|Any CPU
		{8C54BE43-18A6-4B09-BE6B-DF8AAEB93D9F}.Debug|Any CPU.ActiveCfg = Debug|Any CPU
		{8C54BE43-18A6-4B09-BE6B-DF8AAEB93D9F}.Debug|Any CPU.Build.0 = Debug|Any CPU
		{8C54BE43-18A6-4B09-BE6B-DF8AAEB93D9F}.Release|Any CPU.ActiveCfg = Release|Any CPU
		{8C54BE43-18A6-4B09-BE6B-DF8AAEB93D9F}.Release|Any CPU.Build.0 = Release|Any CPU
		{BEC8D27B-1D3E-48B8-B179-165EC80ED7EA}.Debug|Any CPU.ActiveCfg = Debug|Any CPU
		{BEC8D27B-1D3E-48B8-B179-165EC80ED7EA}.Debug|Any CPU.Build.0 = Debug|Any CPU
		{BEC8D27B-1D3E-48B8-B179-165EC80ED7EA}.Release|Any CPU.ActiveCfg = Release|Any CPU
		{BEC8D27B-1D3E-48B8-B179-165EC80ED7EA}.Release|Any CPU.Build.0 = Release|Any CPU
	EndGlobalSection
	GlobalSection(SolutionProperties) = preSolution
		HideSolutionNode = FALSE
	EndGlobalSection
	GlobalSection(NestedProjects) = preSolution
		{CD8EBE02-0E79-445D-8FF3-DB1E62FADA7E} = {71ADFE93-97CF-48EE-A808-26ACB19F13E9}
		{113A221E-9E26-47B7-A830-E0CAE3B3ACBD} = {71ADFE93-97CF-48EE-A808-26ACB19F13E9}
		{B68EA642-6EF2-4800-8996-F656C6FB193E} = {290BB29B-67E9-4755-950D-274A578EFF4F}
		{8C54BE43-18A6-4B09-BE6B-DF8AAEB93D9F} = {D9248E1C-6342-494B-BC54-5B0AA37AAE53}
		{BEC8D27B-1D3E-48B8-B179-165EC80ED7EA} = {0184A442-AED6-4FBD-A2C2-DE50870E73F1}
		{71ADFE93-97CF-48EE-A808-26ACB19F13E9} = {D8642C69-13EA-4D4D-979C-9DB34AC611A6}
		{290BB29B-67E9-4755-950D-274A578EFF4F} = {D8642C69-13EA-4D4D-979C-9DB34AC611A6}
		{D9248E1C-6342-494B-BC54-5B0AA37AAE53} = {D8642C69-13EA-4D4D-979C-9DB34AC611A6}
	EndGlobalSection
	GlobalSection(ExtensibilityGlobals) = postSolution
		SolutionGuid = {A4853D9F-432A-4762-A6AE-2AEAC15C2368}
	EndGlobalSection
EndGlobal
